
Microsoft Visual Studio Solution File, Format Version 12.00
# Visual Studio Version 16
VisualStudioVersion = 16.0.30204.135
MinimumVisualStudioVersion = 10.0.40219.1
Project("{888888A0-9F3D-457C-B088-3A5042F75D52}") = "GeomHacksWeb", "GeomHacksWeb.pyproj", "{65C2A366-A707-474A-9C30-7B63A342CEAE}"
EndProject
Global
	GlobalSection(SolutionConfigurationPlatforms) = preSolution
		Debug|Any CPU = Debug|Any CPU
		Release|Any CPU = Release|Any CPU
	EndGlobalSection
	GlobalSection(ProjectConfigurationPlatforms) = postSolution
		{65C2A366-A707-474A-9C30-7B63A342CEAE}.Debug|Any CPU.ActiveCfg = Debug|Any CPU
		{65C2A366-A707-474A-9C30-7B63A342CEAE}.Debug|Any CPU.Build.0 = Debug|Any CPU
		{65C2A366-A707-474A-9C30-7B63A342CEAE}.Release|Any CPU.ActiveCfg = Release|Any CPU
		{65C2A366-A707-474A-9C30-7B63A342CEAE}.Release|Any CPU.Build.0 = Release|Any CPU
	EndGlobalSection
	GlobalSection(SolutionProperties) = preSolution
		HideSolutionNode = FALSE
	EndGlobalSection
	GlobalSection(ExtensibilityGlobals) = postSolution
		SolutionGuid = {563AE62D-1A30-4D58-B06B-EA2AF49A8F01}
	EndGlobalSection
EndGlobal
